{
  "version": 4,
  "terraform_version": "1.9.4",
  "serial": 9,
  "lineage": "ed957eb3-bd14-5692-1662-87bbf3229cd1",
  "outputs": {},
  "resources": [
    {
      "mode": "managed",
      "type": "azurerm_resource_group",
      "name": "example",
      "provider": "provider[\"registry.terraform.io/hashicorp/azurerm\"]",
      "instances": [
        {
          "schema_version": 0,
          "attributes": {
            "id": "/subscriptions/cc9dc914-23fe-455f-8090-d100dbf35dd1/resourceGroups/rg-test-fs24",
            "location": "eastus",
            "managed_by": "",
            "name": "rg-test-fs24",
            "tags": null,
            "timeouts": null
          },
          "sensitive_attributes": [],
          "private": "eyJlMmJmYjczMC1lY2FhLTExZTYtOGY4OC0zNDM2M2JjN2M0YzAiOnsiY3JlYXRlIjo1NDAwMDAwMDAwMDAwLCJkZWxldGUiOjU0MDAwMDAwMDAwMDAsInJlYWQiOjMwMDAwMDAwMDAwMCwidXBkYXRlIjo1NDAwMDAwMDAwMDAwfX0=",
          "dependencies": [
            "module.naming.random_string.first_letter",
            "module.naming.random_string.main",
            "module.regions.data.azapi_client_config.current",
            "module.regions.data.azapi_resource_action.locations",
            "random_integer.region_index"
          ]
        }
      ]
    },
    {
      "mode": "managed",
      "type": "random_integer",
      "name": "region_index",
      "provider": "provider[\"registry.terraform.io/hashicorp/random\"]",
      "instances": [
        {
          "schema_version": 0,
          "attributes": {
            "id": "0",
            "keepers": null,
            "max": 28,
            "min": 0,
            "result": 0,
            "seed": null
          },
          "sensitive_attributes": [],
          "dependencies": [
            "module.regions.data.azapi_client_config.current",
            "module.regions.data.azapi_resource_action.locations"
          ]
        }
      ]
    },
    {
      "module": "module.backup_vault",
      "mode": "data",
      "type": "azurerm_client_config",
      "name": "telemetry",
      "provider": "provider[\"registry.terraform.io/hashicorp/azurerm\"]",
      "instances": [
        {
          "index_key": 0,
          "schema_version": 0,
          "attributes": {
            "client_id": "04b07795-8ddb-461a-bbee-02f9e1bf7b46",
            "id": "Y2xpZW50Q29uZmlncy9jbGllbnRJZD0wNGIwNzc5NS04ZGRiLTQ2MWEtYmJlZS0wMmY5ZTFiZjdiNDY7b2JqZWN0SWQ9NGQ2ZTgxYTEtNzM1OC00NGZmLWIwY2YtYzVhMWQyYzVhNzM5O3N1YnNjcmlwdGlvbklkPWNjOWRjOTE0LTIzZmUtNDU1Zi04MDkwLWQxMDBkYmYzNWRkMTt0ZW5hbnRJZD1jYTk2ZDUxZC03OWJlLTRjY2QtOTI2Yi1mMWE2ZjAwMjFlZmU=",
            "object_id": "4d6e81a1-7358-44ff-b0cf-c5a1d2c5a739",
            "subscription_id": "cc9dc914-23fe-455f-8090-d100dbf35dd1",
            "tenant_id": "ca96d51d-79be-4ccd-926b-f1a6f0021efe",
            "timeouts": null
          },
          "sensitive_attributes": []
        }
      ]
    },
    {
      "module": "module.backup_vault",
      "mode": "data",
      "type": "modtm_module_source",
      "name": "telemetry",
      "provider": "provider[\"registry.terraform.io/azure/modtm\"]",
      "instances": [
        {
          "index_key": 0,
          "schema_version": 0,
          "attributes": {
            "module_path": "../..",
            "module_source": "../..",
            "module_version": ""
          },
          "sensitive_attributes": []
        }
      ]
    },
    {
      "module": "module.backup_vault",
      "mode": "managed",
      "type": "azurerm_data_protection_backup_vault",
      "name": "this",
      "provider": "provider[\"registry.terraform.io/hashicorp/azurerm\"]",
      "instances": [
        {
          "schema_version": 0,
          "attributes": {
            "cross_region_restore_enabled": false,
            "datastore_type": "VaultStore",
            "id": "/subscriptions/cc9dc914-23fe-455f-8090-d100dbf35dd1/resourceGroups/rg-test-fs24/providers/Microsoft.DataProtection/backupVaults/rsv-test-fs24",
            "identity": [],
            "location": "eastus",
            "name": "rsv-test-fs24",
            "redundancy": "GeoRedundant",
            "resource_group_name": "rg-test-fs24",
            "retention_duration_in_days": 14,
            "soft_delete": "On",
            "tags": null,
            "timeouts": null
          },
          "sensitive_attributes": [],
          "private": "eyJlMmJmYjczMC1lY2FhLTExZTYtOGY4OC0zNDM2M2JjN2M0YzAiOnsiY3JlYXRlIjoxODAwMDAwMDAwMDAwLCJkZWxldGUiOjE4MDAwMDAwMDAwMDAsInJlYWQiOjMwMDAwMDAwMDAwMCwidXBkYXRlIjoxODAwMDAwMDAwMDAwfX0=",
          "dependencies": [
            "azurerm_resource_group.example",
            "module.naming.random_string.first_letter",
            "module.naming.random_string.main",
            "module.regions.data.azapi_client_config.current",
            "module.regions.data.azapi_resource_action.locations",
            "random_integer.region_index"
          ]
        }
      ]
    },
    {
      "module": "module.backup_vault",
      "mode": "managed",
      "type": "modtm_telemetry",
      "name": "telemetry",
      "provider": "provider[\"registry.terraform.io/azure/modtm\"]",
      "instances": [
        {
          "index_key": 0,
          "schema_version": 0,
          "attributes": {
            "endpoint": null,
            "ephemeral_number": null,
            "id": "e2f6baf9-870f-4e42-847a-de630c545660",
            "nonce": null,
            "tags": {
              "module_source": "../..",
              "module_version": "",
              "random_id": "8d3bdf8b-55cc-1bb3-5671-7632c24913a3",
              "subscription_id": "cc9dc914-23fe-455f-8090-d100dbf35dd1",
              "tenant_id": "ca96d51d-79be-4ccd-926b-f1a6f0021efe"
            }
          },
          "sensitive_attributes": [],
          "dependencies": [
            "module.backup_vault.data.azurerm_client_config.telemetry",
            "module.backup_vault.data.modtm_module_source.telemetry",
            "module.backup_vault.random_uuid.telemetry"
          ]
        }
      ]
    },
    {
      "module": "module.backup_vault",
      "mode": "managed",
      "type": "random_uuid",
      "name": "telemetry",
      "provider": "provider[\"registry.terraform.io/hashicorp/random\"]",
      "instances": [
        {
          "index_key": 0,
          "schema_version": 0,
          "attributes": {
            "id": "8d3bdf8b-55cc-1bb3-5671-7632c24913a3",
            "keepers": null,
            "result": "8d3bdf8b-55cc-1bb3-5671-7632c24913a3"
          },
          "sensitive_attributes": []
        }
      ]
    },
    {
      "module": "module.naming",
      "mode": "managed",
      "type": "random_string",
      "name": "first_letter",
      "provider": "provider[\"registry.terraform.io/hashicorp/random\"]",
      "instances": [
        {
          "schema_version": 2,
          "attributes": {
            "id": "f",
            "keepers": null,
            "length": 1,
            "lower": true,
            "min_lower": 0,
            "min_numeric": 0,
            "min_special": 0,
            "min_upper": 0,
            "number": false,
            "numeric": false,
            "override_special": null,
            "result": "f",
            "special": false,
            "upper": false
          },
          "sensitive_attributes": []
        }
      ]
    },
    {
      "module": "module.naming",
      "mode": "managed",
      "type": "random_string",
      "name": "main",
      "provider": "provider[\"registry.terraform.io/hashicorp/random\"]",
      "instances": [
        {
          "schema_version": 2,
          "attributes": {
            "id": "s24ab07xakpxhnb9hv3om1sh59kj7x7g4iywsiisdk12smg4e5ji8icudbh2",
            "keepers": null,
            "length": 60,
            "lower": true,
            "min_lower": 0,
            "min_numeric": 0,
            "min_special": 0,
            "min_upper": 0,
            "number": true,
            "numeric": true,
            "override_special": null,
            "result": "s24ab07xakpxhnb9hv3om1sh59kj7x7g4iywsiisdk12smg4e5ji8icudbh2",
            "special": false,
            "upper": false
          },
          "sensitive_attributes": []
        }
      ]
    },
    {
      "module": "module.regions",
      "mode": "data",
      "type": "azapi_client_config",
      "name": "current",
      "provider": "provider[\"registry.terraform.io/azure/azapi\"]",
      "instances": [
        {
          "schema_version": 0,
          "attributes": {
            "id": "clientConfigs/subscriptionId=cc9dc914-23fe-455f-8090-d100dbf35dd1;tenantId=ca96d51d-79be-4ccd-926b-f1a6f0021efe",
            "subscription_id": "cc9dc914-23fe-455f-8090-d100dbf35dd1",
            "tenant_id": "ca96d51d-79be-4ccd-926b-f1a6f0021efe",
            "timeouts": null
          },
          "sensitive_attributes": []
        }
      ]
    },
    {
      "module": "module.regions",
      "mode": "data",
      "type": "azapi_client_config",
      "name": "telemetry",
      "provider": "provider[\"registry.terraform.io/azure/azapi\"]",
      "instances": [
        {
          "index_key": 0,
          "schema_version": 0,
          "attributes": {
            "id": "clientConfigs/subscriptionId=cc9dc914-23fe-455f-8090-d100dbf35dd1;tenantId=ca96d51d-79be-4ccd-926b-f1a6f0021efe",
            "subscription_id": "cc9dc914-23fe-455f-8090-d100dbf35dd1",
            "tenant_id": "ca96d51d-79be-4ccd-926b-f1a6f0021efe",
            "timeouts": null
          },
          "sensitive_attributes": []
        }
      ]
    },
    {
      "module": "module.regions",
      "mode": "data",
      "type": "modtm_module_source",
      "name": "telemetry",
      "provider": "provider[\"registry.terraform.io/azure/modtm\"]",
      "instances": [
        {
          "index_key": 0,
          "schema_version": 0,
          "attributes": {
            "module_path": ".terraform/modules/regions",
            "module_source": "registry.terraform.io/Azure/avm-utl-regions/azurerm",
            "module_version": "0.1.0"
          },
          "sensitive_attributes": []
        }
      ]
    },
    {
      "module": "module.regions",
      "mode": "managed",
      "type": "modtm_telemetry",
      "name": "telemetry",
      "provider": "provider[\"registry.terraform.io/azure/modtm\"]",
      "instances": [
        {
          "index_key": 0,
          "schema_version": 0,
          "attributes": {
            "endpoint": null,
            "ephemeral_number": null,
            "id": "cb32ec07-b971-4ae3-bba1-3d1c675996a0",
            "nonce": null,
            "tags": {
              "module_source": "registry.terraform.io/Azure/avm-utl-regions/azurerm",
              "module_version": "0.1.0",
              "random_id": "a0378156-3f8a-f121-c3e0-4d6247570560",
              "subscription_id": "cc9dc914-23fe-455f-8090-d100dbf35dd1",
              "tenant_id": "ca96d51d-79be-4ccd-926b-f1a6f0021efe"
            }
          },
          "sensitive_attributes": [],
          "dependencies": [
            "module.regions.data.azapi_client_config.telemetry",
            "module.regions.data.modtm_module_source.telemetry",
            "module.regions.random_uuid.telemetry"
          ]
        }
      ]
    },
    {
      "module": "module.regions",
      "mode": "managed",
      "type": "random_uuid",
      "name": "telemetry",
      "provider": "provider[\"registry.terraform.io/hashicorp/random\"]",
      "instances": [
        {
          "index_key": 0,
          "schema_version": 0,
          "attributes": {
            "id": "a0378156-3f8a-f121-c3e0-4d6247570560",
            "keepers": null,
            "result": "a0378156-3f8a-f121-c3e0-4d6247570560"
          },
          "sensitive_attributes": []
        }
      ]
    }
  ],
  "check_results": [
    {
      "object_kind": "var",
      "config_addr": "module.backup_vault.var.retention_duration_in_days",
      "status": "pass",
      "objects": [
        {
          "object_addr": "module.backup_vault.var.retention_duration_in_days",
          "status": "pass"
        }
      ]
    },
    {
      "object_kind": "var",
      "config_addr": "module.backup_vault.var.soft_delete",
      "status": "pass",
      "objects": [
        {
          "object_addr": "module.backup_vault.var.soft_delete",
          "status": "pass"
        }
      ]
    },
    {
      "object_kind": "var",
      "config_addr": "module.backup_vault.var.datastore_type",
      "status": "pass",
      "objects": [
        {
          "object_addr": "module.backup_vault.var.datastore_type",
          "status": "pass"
        }
      ]
    },
    {
      "object_kind": "var",
      "config_addr": "module.backup_vault.var.disk_backup_instance_name",
      "status": "unknown",
      "objects": [
        {
          "object_addr": "module.backup_vault.var.disk_backup_instance_name",
          "status": "unknown"
        }
      ]
    },
    {
      "object_kind": "var",
      "config_addr": "module.backup_vault.var.redundancy",
      "status": "pass",
      "objects": [
        {
          "object_addr": "module.backup_vault.var.redundancy",
          "status": "pass"
        }
      ]
    },
    {
      "object_kind": "var",
      "config_addr": "module.backup_vault.var.lock",
      "status": "unknown",
      "objects": [
        {
          "object_addr": "module.backup_vault.var.lock",
          "status": "unknown"
        }
      ]
    },
    {
      "object_kind": "var",
      "config_addr": "module.backup_vault.var.cross_region_restore_enabled",
      "status": "pass",
      "objects": [
        {
          "object_addr": "module.backup_vault.var.cross_region_restore_enabled",
          "status": "pass"
        }
      ]
    },
    {
      "object_kind": "var",
      "config_addr": "module.backup_vault.var.diagnostic_settings",
      "status": "unknown",
      "objects": [
        {
          "object_addr": "module.backup_vault.var.diagnostic_settings",
          "status": "unknown"
        }
      ]
    },
    {
      "object_kind": "var",
      "config_addr": "module.backup_vault.var.name",
      "status": "pass",
      "objects": [
        {
          "object_addr": "module.backup_vault.var.name",
          "status": "pass"
        }
      ]
    },
    {
      "object_kind": "var",
      "config_addr": "module.backup_vault.var.blob_backup_instance_name",
      "status": "unknown",
      "objects": [
        {
          "object_addr": "module.backup_vault.var.blob_backup_instance_name",
          "status": "unknown"
        }
      ]
    }
  ]
}
